
Microsoft Visual Studio Solution File, Format Version 12.00
# Visual Studio 15
VisualStudioVersion = 15.0.27428.2037
MinimumVisualStudioVersion = 10.0.40219.1
Project("{D2ABAB84-BF74-430A-B69E-9DC6D40DDA17}") = "MAD_18", "MAD_18\MAD_18.dwproj", "{EB19970B-0426-4CC8-B581-45D09C51D3E0}"
EndProject
Global
	GlobalSection(SolutionConfigurationPlatforms) = preSolution
		Development|Default = Development|Default
	EndGlobalSection
	GlobalSection(ProjectConfigurationPlatforms) = postSolution
		{EB19970B-0426-4CC8-B581-45D09C51D3E0}.Development|Default.ActiveCfg = Development
		{EB19970B-0426-4CC8-B581-45D09C51D3E0}.Development|Default.Build.0 = Development
		{EB19970B-0426-4CC8-B581-45D09C51D3E0}.Development|Default.Deploy.0 = Development
	EndGlobalSection
	GlobalSection(SolutionProperties) = preSolution
		HideSolutionNode = FALSE
	EndGlobalSection
	GlobalSection(ExtensibilityGlobals) = postSolution
		SolutionGuid = {A9E6DDFC-EF63-4520-BE62-90FD08A1A75C}
	EndGlobalSection
EndGlobal
